
Microsoft Visual Studio Solution File, Format Version 12.00
# Visual Studio Version 16
VisualStudioVersion = 16.0.30907.101
MinimumVisualStudioVersion = 10.0.40219.1
Project("{FAE04EC0-301F-11D3-BF4B-00C04F79EFBC}") = "TesteGIT", "TesteGIT\TesteGIT.csproj", "{D14BD303-AC56-4722-ACA9-CFAE1197BB57}"
EndProject
Global
	GlobalSection(SolutionConfigurationPlatforms) = preSolution
		Debug|Any CPU = Debug|Any CPU
		Release|Any CPU = Release|Any CPU
	EndGlobalSection
	GlobalSection(ProjectConfigurationPlatforms) = postSolution
		{D14BD303-AC56-4722-ACA9-CFAE1197BB57}.Debug|Any CPU.ActiveCfg = Debug|Any CPU
		{D14BD303-AC56-4722-ACA9-CFAE1197BB57}.Debug|Any CPU.Build.0 = Debug|Any CPU
		{D14BD303-AC56-4722-ACA9-CFAE1197BB57}.Release|Any CPU.ActiveCfg = Release|Any CPU
		{D14BD303-AC56-4722-ACA9-CFAE1197BB57}.Release|Any CPU.Build.0 = Release|Any CPU
	EndGlobalSection
	GlobalSection(SolutionProperties) = preSolution
		HideSolutionNode = FALSE
	EndGlobalSection
	GlobalSection(ExtensibilityGlobals) = postSolution
		SolutionGuid = {4349E0AB-759C-4E20-AADB-2111486AF686}
	EndGlobalSection
EndGlobal
